
Microsoft Visual Studio Solution File, Format Version 12.00
# Visual Studio Version 17
VisualStudioVersion = 17.6.33801.468
MinimumVisualStudioVersion = 10.0.40219.1
Project("{C9674DCB-5085-4A16-B785-4C70DD1589BD}") = "ETLProject", "ETLProject\ETLProject.dtproj", "{DF865AA2-F6E7-4337-BFCA-8C656F73B28B}"
EndProject
Global
	GlobalSection(SolutionConfigurationPlatforms) = preSolution
		Development|Default = Development|Default
	EndGlobalSection
	GlobalSection(ProjectConfigurationPlatforms) = postSolution
		{DF865AA2-F6E7-4337-BFCA-8C656F73B28B}.Development|Default.ActiveCfg = Development
		{DF865AA2-F6E7-4337-BFCA-8C656F73B28B}.Development|Default.Build.0 = Development
	EndGlobalSection
	GlobalSection(SolutionProperties) = preSolution
		HideSolutionNode = FALSE
	EndGlobalSection
	GlobalSection(ExtensibilityGlobals) = postSolution
		SolutionGuid = {E41F3361-6954-4A32-AFCA-3141A70FA669}
	EndGlobalSection
EndGlobal
